{
  "name": "react-native-dev-treeview",
  "version": "1.0.0",
  "lockfileVersion": 1,
  "requires": true,
  "dependencies": {
    "react-native-triangle-view": {
      "version": "1.0.0",
      "resolved": "https://registry.npmjs.org/react-native-triangle-view/-/react-native-triangle-view-1.0.0.tgz",
      "integrity": "sha512-eMFjdIBh03P9kFHtjZDCaDo2nq3d4zwlIQus4GYQ33aZ6FbvVoVbs5mWIdJ4WdZSy9dkcCpc9pKKsdYp4+tkNQ=="
    }
  }
}
